<?xml version="1.0" encoding="utf-8"?>
<Project ToolsVersion="4.0" xmlns="http://schemas.microsoft.com/developer/msbuild/2003">
  <ItemGroup>
    <Filter Include="modules">
      <UniqueIdentifier>{f7551f79-9de8-4aac-9a58-f0513c73b536}</UniqueIdentifier>
    </Filter>
    <Filter Include="modules\base">
      <UniqueIdentifier>{58eb91a0-9399-45e3-aa69-583cfa359a9f}</UniqueIdentifier>
    </Filter>
    <Filter Include="modules\model">
      <UniqueIdentifier>{e2b0f4b5-745a-4449-b5ce-3b0ed204529f}</UniqueIdentifier>
    </Filter>
    <Filter Include="modules\input">
      <UniqueIdentifier>{3ff0eb24-4057-4299-8f21-d36afae49e8e}</UniqueIdentifier>
    </Filter>
    <Filter Include="modules\preprocess">
      <UniqueIdentifier>{03ae13af-5461-4b4f-a7db-98eb35ef95a8}</UniqueIdentifier>
    </Filter>
    <Filter Include="modules\postprocess">
      <UniqueIdentifier>{2c2b6d56-ac9a-4f62-9de4-2375facce5f6}</UniqueIdentifier>
    </Filter>
    <Filter Include="modules\model\DDC">
      <UniqueIdentifier>{ea8bef79-3cf9-4515-bca2-0b89de836376}</UniqueIdentifier>
    </Filter>
    <Filter Include="modules\input\infile">
      <UniqueIdentifier>{0e2f15a4-c6fd-48c4-bd9b-4fbb855d201d}</UniqueIdentifier>
    </Filter>
    <Filter Include="modules\preprocess\micro_init">
      <UniqueIdentifier>{d6197058-f414-4079-a7e1-14a79f2bee5c}</UniqueIdentifier>
    </Filter>
    <Filter Include="modules\postprocess\mechanics">
      <UniqueIdentifier>{b908ce22-6cd9-4d75-b42d-c654ed19e60c}</UniqueIdentifier>
    </Filter>
    <Filter Include="modules\postprocess\fluid">
      <UniqueIdentifier>{885b9103-8507-462e-9e7f-479392563c7d}</UniqueIdentifier>
    </Filter>
    <Filter Include="modules\postprocess\machineL">
      <UniqueIdentifier>{657ecbaa-c8da-419e-ab75-79ce90e6eadd}</UniqueIdentifier>
    </Filter>
    <Filter Include="modules\model\GGS">
      <UniqueIdentifier>{4c6583cd-f7c6-4293-99c4-08a0550a530d}</UniqueIdentifier>
    </Filter>
    <Filter Include="modules\postprocess\machineL\field_predictor">
      <UniqueIdentifier>{f36a1b94-930b-49df-9da2-46a648796783}</UniqueIdentifier>
    </Filter>
  </ItemGroup>
  <ItemGroup>
    <ClCompile Include="src\main.cpp" />
    <ClCompile Include="src\MainIterator.cpp" />
    <ClCompile Include="src\modules\Module.cpp">
      <Filter>modules</Filter>
    </ClCompile>
    <ClCompile Include="src\modules\base\MACRO_DEF.cpp">
      <Filter>modules\base</Filter>
    </ClCompile>
    <ClCompile Include="src\modules\base\RotationMatrix.cpp">
      <Filter>modules\base</Filter>
    </ClCompile>
    <ClCompile Include="src\modules\base\VectorMatrix.cpp">
      <Filter>modules\base</Filter>
    </ClCompile>
    <ClCompile Include="src\modules\base\whereami.c">
      <Filter>modules\base</Filter>
    </ClCompile>
    <ClCompile Include="src\modules\model_modules\data_driven_complex\DDC_Functions.cpp">
      <Filter>modules\model\DDC</Filter>
    </ClCompile>
    <ClCompile Include="src\modules\model_modules\GrainsOrientations.cpp">
      <Filter>modules\model</Filter>
    </ClCompile>
    <ClCompile Include="src\modules\model_modules\PhiProperties.cpp">
      <Filter>modules\model</Filter>
    </ClCompile>
    <ClCompile Include="src\modules\input_modules\inputfiles\infile_selector.cpp">
      <Filter>modules\input\infile</Filter>
    </ClCompile>
    <ClCompile Include="src\modules\input_modules\inputfiles\InputFileMath.cpp">
      <Filter>modules\input\infile</Filter>
    </ClCompile>
    <ClCompile Include="src\modules\input_modules\inputfiles\InputFileReader.cpp">
      <Filter>modules\input\infile</Filter>
    </ClCompile>
    <ClCompile Include="src\modules\input_modules\inputfiles\QuickStartUp.cpp">
      <Filter>modules\input\infile</Filter>
    </ClCompile>
    <ClCompile Include="src\modules\input_modules\inputfiles\selectFile.cpp">
      <Filter>modules\input\infile</Filter>
    </ClCompile>
    <ClCompile Include="src\modules\input_modules\inputfiles\UserStartUp.cpp">
      <Filter>modules\input\infile</Filter>
    </ClCompile>
    <ClCompile Include="src\modules\preprocess_modules\MicrostructureInit\Bmp24Structure.cpp">
      <Filter>modules\preprocess\micro_init</Filter>
    </ClCompile>
    <ClCompile Include="src\modules\preprocess_modules\MicrostructureInit\PorousStructure.cpp">
      <Filter>modules\preprocess\micro_init</Filter>
    </ClCompile>
    <ClCompile Include="src\modules\preprocess_modules\MicrostructureInit\VoronoiStructure.cpp">
      <Filter>modules\preprocess\micro_init</Filter>
    </ClCompile>
    <ClCompile Include="src\modules\preprocess_modules\MicrostructureInit\WriteMeshData.cpp">
      <Filter>modules\preprocess\micro_init</Filter>
    </ClCompile>
    <ClCompile Include="src\modules\preprocess_modules\MicrostructureInit.cpp">
      <Filter>modules\preprocess</Filter>
    </ClCompile>
    <ClCompile Include="src\modules\postprocess_modules\FluidDynamics\BoundaryCondition.cpp">
      <Filter>modules\postprocess\fluid</Filter>
    </ClCompile>
    <ClCompile Include="src\modules\postprocess_modules\FluidDynamics\EquiDistFunc.cpp">
      <Filter>modules\postprocess\fluid</Filter>
    </ClCompile>
    <ClCompile Include="src\modules\postprocess_modules\FluidDynamics\GoverningEquationsF.cpp">
      <Filter>modules\postprocess\fluid</Filter>
    </ClCompile>
    <ClCompile Include="src\modules\postprocess_modules\FluidDynamics\LatticeBoltzmann.cpp">
      <Filter>modules\postprocess\fluid</Filter>
    </ClCompile>
    <ClCompile Include="src\modules\postprocess_modules\FluidDynamics\MacroVar.cpp">
      <Filter>modules\postprocess\fluid</Filter>
    </ClCompile>
    <ClCompile Include="src\modules\postprocess_modules\FluidDynamics\SourceF.cpp">
      <Filter>modules\postprocess\fluid</Filter>
    </ClCompile>
    <ClCompile Include="src\modules\postprocess_modules\Mechanics\ElasticSolver.cpp">
      <Filter>modules\postprocess\mechanics</Filter>
    </ClCompile>
    <ClCompile Include="src\modules\postprocess_modules\Mechanics\GoverningEquationsM.cpp">
      <Filter>modules\postprocess\mechanics</Filter>
    </ClCompile>
    <ClCompile Include="src\modules\postprocess_modules\Mechanics\PlasticSolver.cpp">
      <Filter>modules\postprocess\mechanics</Filter>
    </ClCompile>
    <ClCompile Include="src\modules\postprocess_modules\Mechanics\StiffnessEigenStrain.cpp">
      <Filter>modules\postprocess\mechanics</Filter>
    </ClCompile>
    <ClCompile Include="src\modules\postprocess_modules\AutoDeltTime.cpp">
      <Filter>modules\postprocess</Filter>
    </ClCompile>
    <ClCompile Include="src\modules\postprocess_modules\CpuMemoryUsage.cpp">
      <Filter>modules\postprocess</Filter>
    </ClCompile>
    <ClCompile Include="src\modules\postprocess_modules\FluidField.cpp">
      <Filter>modules\postprocess</Filter>
    </ClCompile>
    <ClCompile Include="src\modules\postprocess_modules\MechanicalField.cpp">
      <Filter>modules\postprocess</Filter>
    </ClCompile>
    <ClCompile Include="src\modules\postprocess_modules\ShowLoopInfo.cpp">
      <Filter>modules\postprocess</Filter>
    </ClCompile>
    <ClCompile Include="src\modules\postprocess_modules\WriteVTS.cpp">
      <Filter>modules\postprocess</Filter>
    </ClCompile>
    <ClCompile Include="src\modules\postprocess_modules\MachineLearning\field_predictor.cpp">
      <Filter>modules\postprocess\machineL</Filter>
    </ClCompile>
    <ClCompile Include="src\modules\model_modules\grain_grows_spinodal\GGS_Functions.cpp">
      <Filter>modules\model\GGS</Filter>
    </ClCompile>
    <ClCompile Include="src\modules\postprocess_modules\MachineLearning.cpp">
      <Filter>modules\postprocess</Filter>
    </ClCompile>
    <ClCompile Include="src\modules\postprocess_modules\MachineLearning\FieldPredictor\shm_manager_win.cpp">
      <Filter>modules\postprocess\machineL\field_predictor</Filter>
    </ClCompile>
    <ClCompile Include="src\modules\model_modules\data_driven_complex\DDC_Phi_Functions.cpp">
      <Filter>modules\model\DDC</Filter>
    </ClCompile>
    <ClCompile Include="src\modules\model_modules\ConProperties.cpp">
      <Filter>modules\model</Filter>
    </ClCompile>
  </ItemGroup>
  <ItemGroup>
    <ClInclude Include="src\MainIterator.h" />
    <ClInclude Include="src\MainIterator_Params.h" />
    <ClInclude Include="src\modules\Module.h">
      <Filter>modules</Filter>
    </ClInclude>
    <ClInclude Include="src\modules\Modules_Params.h">
      <Filter>modules</Filter>
    </ClInclude>
    <ClInclude Include="src\modules\base\MACRO_DEF.h">
      <Filter>modules\base</Filter>
    </ClInclude>
    <ClInclude Include="src\modules\base\Mesh_0.h">
      <Filter>modules\base</Filter>
    </ClInclude>
    <ClInclude Include="src\modules\base\RotationMatrix.h">
      <Filter>modules\base</Filter>
    </ClInclude>
    <ClInclude Include="src\modules\base\timer.h">
      <Filter>modules\base</Filter>
    </ClInclude>
    <ClInclude Include="src\modules\base\VectorMatrix.h">
      <Filter>modules\base</Filter>
    </ClInclude>
    <ClInclude Include="src\modules\base\whereami.h">
      <Filter>modules\base</Filter>
    </ClInclude>
    <ClInclude Include="src\modules\model_modules\data_driven_complex\DDC_Functions.h">
      <Filter>modules\model\DDC</Filter>
    </ClInclude>
    <ClInclude Include="src\modules\model_modules\data_driven_complex\DDC_Manager.h">
      <Filter>modules\model\DDC</Filter>
    </ClInclude>
    <ClInclude Include="src\modules\model_modules\data_driven_complex\DDC_Params.h">
      <Filter>modules\model\DDC</Filter>
    </ClInclude>
    <ClInclude Include="src\modules\model_modules\GrainsOrientations.h">
      <Filter>modules\model</Filter>
    </ClInclude>
    <ClInclude Include="src\modules\model_modules\PhiProperties.h">
      <Filter>modules\model</Filter>
    </ClInclude>
    <ClInclude Include="src\modules\input_modules\inputfiles\infile_selector.h">
      <Filter>modules\input\infile</Filter>
    </ClInclude>
    <ClInclude Include="src\modules\input_modules\inputfiles\InputFileMath.h">
      <Filter>modules\input\infile</Filter>
    </ClInclude>
    <ClInclude Include="src\modules\input_modules\inputfiles\InputFileReader.h">
      <Filter>modules\input\infile</Filter>
    </ClInclude>
    <ClInclude Include="src\modules\input_modules\inputfiles\QuickStartUp.h">
      <Filter>modules\input\infile</Filter>
    </ClInclude>
    <ClInclude Include="src\modules\input_modules\inputfiles\selectFile.h">
      <Filter>modules\input\infile</Filter>
    </ClInclude>
    <ClInclude Include="src\modules\input_modules\inputfiles\SimuInfo.h">
      <Filter>modules\input\infile</Filter>
    </ClInclude>
    <ClInclude Include="src\modules\input_modules\inputfiles\UserStartUp.h">
      <Filter>modules\input\infile</Filter>
    </ClInclude>
    <ClInclude Include="src\modules\input_modules\InputModulesManager.h">
      <Filter>modules\input</Filter>
    </ClInclude>
    <ClInclude Include="src\modules\input_modules\ioFiles_Params.h">
      <Filter>modules\input</Filter>
    </ClInclude>
    <ClInclude Include="src\modules\input_modules\ProgramPath.h">
      <Filter>modules\input</Filter>
    </ClInclude>
    <ClInclude Include="src\modules\preprocess_modules\MicrostructureInit\Bmp24Structure.h">
      <Filter>modules\preprocess\micro_init</Filter>
    </ClInclude>
    <ClInclude Include="src\modules\preprocess_modules\MicrostructureInit\GeometryStructure.h">
      <Filter>modules\preprocess\micro_init</Filter>
    </ClInclude>
    <ClInclude Include="src\modules\preprocess_modules\MicrostructureInit\PorousStructure.h">
      <Filter>modules\preprocess\micro_init</Filter>
    </ClInclude>
    <ClInclude Include="src\modules\preprocess_modules\MicrostructureInit\stb_image.h">
      <Filter>modules\preprocess\micro_init</Filter>
    </ClInclude>
    <ClInclude Include="src\modules\preprocess_modules\MicrostructureInit\VoronoiStructure.h">
      <Filter>modules\preprocess\micro_init</Filter>
    </ClInclude>
    <ClInclude Include="src\modules\preprocess_modules\MicrostructureInit\WriteMeshData.h">
      <Filter>modules\preprocess\micro_init</Filter>
    </ClInclude>
    <ClInclude Include="src\modules\preprocess_modules\MicrostructureInit.h">
      <Filter>modules\preprocess</Filter>
    </ClInclude>
    <ClInclude Include="src\modules\postprocess_modules\FluidDynamics\BoundaryCondition.h">
      <Filter>modules\postprocess\fluid</Filter>
    </ClInclude>
    <ClInclude Include="src\modules\postprocess_modules\FluidDynamics\EquiDistFunc.h">
      <Filter>modules\postprocess\fluid</Filter>
    </ClInclude>
    <ClInclude Include="src\modules\postprocess_modules\FluidDynamics\FluidDynamicsPoint.h">
      <Filter>modules\postprocess\fluid</Filter>
    </ClInclude>
    <ClInclude Include="src\modules\postprocess_modules\FluidDynamics\GoverningEquationsF.h">
      <Filter>modules\postprocess\fluid</Filter>
    </ClInclude>
    <ClInclude Include="src\modules\postprocess_modules\FluidDynamics\LatticeBoltzmann.h">
      <Filter>modules\postprocess\fluid</Filter>
    </ClInclude>
    <ClInclude Include="src\modules\postprocess_modules\FluidDynamics\MacroVar.h">
      <Filter>modules\postprocess\fluid</Filter>
    </ClInclude>
    <ClInclude Include="src\modules\postprocess_modules\FluidDynamics\SourceF.h">
      <Filter>modules\postprocess\fluid</Filter>
    </ClInclude>
    <ClInclude Include="src\modules\postprocess_modules\Mechanics\ElasticSolver.h">
      <Filter>modules\postprocess\mechanics</Filter>
    </ClInclude>
    <ClInclude Include="src\modules\postprocess_modules\Mechanics\GoverningEquationsM.h">
      <Filter>modules\postprocess\mechanics</Filter>
    </ClInclude>
    <ClInclude Include="src\modules\postprocess_modules\Mechanics\MechanicalPoint.h">
      <Filter>modules\postprocess\mechanics</Filter>
    </ClInclude>
    <ClInclude Include="src\modules\postprocess_modules\Mechanics\PlasticSolver.h">
      <Filter>modules\postprocess\mechanics</Filter>
    </ClInclude>
    <ClInclude Include="src\modules\postprocess_modules\Mechanics\StiffnessEigenStrain.h">
      <Filter>modules\postprocess\mechanics</Filter>
    </ClInclude>
    <ClInclude Include="src\modules\postprocess_modules\AutoDeltTime.h">
      <Filter>modules\postprocess</Filter>
    </ClInclude>
    <ClInclude Include="src\modules\postprocess_modules\CpuMemoryUsage.h">
      <Filter>modules\postprocess</Filter>
    </ClInclude>
    <ClInclude Include="src\modules\postprocess_modules\DataStatistics.h">
      <Filter>modules\postprocess</Filter>
    </ClInclude>
    <ClInclude Include="src\modules\postprocess_modules\FluidField.h">
      <Filter>modules\postprocess</Filter>
    </ClInclude>
    <ClInclude Include="src\modules\postprocess_modules\MechanicalField.h">
      <Filter>modules\postprocess</Filter>
    </ClInclude>
    <ClInclude Include="src\modules\postprocess_modules\ShowLoopInfo.h">
      <Filter>modules\postprocess</Filter>
    </ClInclude>
    <ClInclude Include="src\modules\postprocess_modules\WriteVTS.h">
      <Filter>modules\postprocess</Filter>
    </ClInclude>
    <ClInclude Include="src\modules\postprocess_modules\MachineLearning\field_predictor.h">
      <Filter>modules\postprocess\machineL</Filter>
    </ClInclude>
    <ClInclude Include="src\modules\model_modules\grain_grows_spinodal\GGS_Functions.h">
      <Filter>modules\model\GGS</Filter>
    </ClInclude>
    <ClInclude Include="src\modules\model_modules\grain_grows_spinodal\GGS_Manager.h">
      <Filter>modules\model\GGS</Filter>
    </ClInclude>
    <ClInclude Include="src\modules\model_modules\grain_grows_spinodal\GGS_Params.h">
      <Filter>modules\model\GGS</Filter>
    </ClInclude>
    <ClInclude Include="src\modules\postprocess_modules\MachineLearning.h">
      <Filter>modules\postprocess</Filter>
    </ClInclude>
    <ClInclude Include="src\modules\postprocess_modules\MachineLearning\FieldPredictor\shm_layout.h">
      <Filter>modules\postprocess\machineL\field_predictor</Filter>
    </ClInclude>
    <ClInclude Include="src\modules\postprocess_modules\MachineLearning\FieldPredictor\shm_manager_win.h">
      <Filter>modules\postprocess\machineL\field_predictor</Filter>
    </ClInclude>
    <ClInclude Include="src\modules\model_modules\data_driven_complex\DDC_Phi_Functions.h">
      <Filter>modules\model\DDC</Filter>
    </ClInclude>
    <ClInclude Include="src\modules\model_modules\ConProperties.h">
      <Filter>modules\model</Filter>
    </ClInclude>
  </ItemGroup>
</Project>